// !$*UTF8*$!
{
	archiveVersion = 1;
	classes = {
	};
	objectVersion = 46;
	objects = {

/* Begin PBXBuildFile section */
		C50161351E779AC4003C382B /* AppDelegate.swift in Sources */ = {isa = PBXBuildFile; fileRef = C50161341E779AC4003C382B /* AppDelegate.swift */; };
		C50161371E779AC4003C382B /* GameScene.sks in Resources */ = {isa = PBXBuildFile; fileRef = C50161361E779AC4003C382B /* GameScene.sks */; };
		C50161391E779AC4003C382B /* Actions.sks in Resources */ = {isa = PBXBuildFile; fileRef = C50161381E779AC4003C382B /* Actions.sks */; };
		C501613B1E779AC4003C382B /* GameScene.swift in Sources */ = {isa = PBXBuildFile; fileRef = C501613A1E779AC4003C382B /* GameScene.swift */; };
		C501613D1E779AC4003C382B /* GameViewController.swift in Sources */ = {isa = PBXBuildFile; fileRef = C501613C1E779AC4003C382B /* GameViewController.swift */; };
		C50161401E779AC4003C382B /* Main.storyboard in Resources */ = {isa = PBXBuildFile; fileRef = C501613E1E779AC4003C382B /* Main.storyboard */; };
		C50161421E779AC4003C382B /* Assets.xcassets in Resources */ = {isa = PBXBuildFile; fileRef = C50161411E779AC4003C382B /* Assets.xcassets */; };
		C50161451E779AC4003C382B /* LaunchScreen.storyboard in Resources */ = {isa = PBXBuildFile; fileRef = C50161431E779AC4003C382B /* LaunchScreen.storyboard */; };
		C50161501E779AC5003C382B /* FlappingNemoTests.swift in Sources */ = {isa = PBXBuildFile; fileRef = C501614F1E779AC5003C382B /* FlappingNemoTests.swift */; };
		C501615B1E779AC5003C382B /* FlappingNemoUITests.swift in Sources */ = {isa = PBXBuildFile; fileRef = C501615A1E779AC5003C382B /* FlappingNemoUITests.swift */; };
		C50161891E779B8D003C382B /* coin.wav in Resources */ = {isa = PBXBuildFile; fileRef = C501616C1E779B8D003C382B /* coin.wav */; };
		C501618A1E779B8D003C382B /* explosion.wav in Resources */ = {isa = PBXBuildFile; fileRef = C501616D1E779B8D003C382B /* explosion.wav */; };
		C501618B1E779B8D003C382B /* gameover.png in Resources */ = {isa = PBXBuildFile; fileRef = C501616E1E779B8D003C382B /* gameover.png */; };
		C501618C1E779B8D003C382B /* gameover@2.png in Resources */ = {isa = PBXBuildFile; fileRef = C501616F1E779B8D003C382B /* gameover@2.png */; };
		C501618D1E779B8D003C382B /* gameover@3.png in Resources */ = {isa = PBXBuildFile; fileRef = C50161701E779B8D003C382B /* gameover@3.png */; };
		C50161911E779B8D003C382B /* logo.png in Resources */ = {isa = PBXBuildFile; fileRef = C50161741E779B8D003C382B /* logo.png */; };
		C50161921E779B8D003C382B /* logo@2.png in Resources */ = {isa = PBXBuildFile; fileRef = C50161751E779B8D003C382B /* logo@2.png */; };
		C50161931E779B8D003C382B /* logo@3.png in Resources */ = {isa = PBXBuildFile; fileRef = C50161761E779B8D003C382B /* logo@3.png */; };
		C50161941E779B8D003C382B /* music.m4a in Resources */ = {isa = PBXBuildFile; fileRef = C50161771E779B8D003C382B /* music.m4a */; };
		C50161951E779B8D003C382B /* player-1.png in Resources */ = {isa = PBXBuildFile; fileRef = C50161781E779B8D003C382B /* player-1.png */; };
		C50161961E779B8D003C382B /* player-1@2.png in Resources */ = {isa = PBXBuildFile; fileRef = C50161791E779B8D003C382B /* player-1@2.png */; };
		C50161971E779B8D003C382B /* player-1@3.png in Resources */ = {isa = PBXBuildFile; fileRef = C501617A1E779B8D003C382B /* player-1@3.png */; };
		C50161981E779B8D003C382B /* player-2.png in Resources */ = {isa = PBXBuildFile; fileRef = C501617B1E779B8D003C382B /* player-2.png */; };
		C50161991E779B8D003C382B /* player-2@2.png in Resources */ = {isa = PBXBuildFile; fileRef = C501617C1E779B8D003C382B /* player-2@2.png */; };
		C501619A1E779B8D003C382B /* player-2@3.png in Resources */ = {isa = PBXBuildFile; fileRef = C501617D1E779B8D003C382B /* player-2@3.png */; };
		C501619B1E779B8D003C382B /* player-3.png in Resources */ = {isa = PBXBuildFile; fileRef = C501617E1E779B8D003C382B /* player-3.png */; };
		C501619C1E779B8D003C382B /* player-3@2.png in Resources */ = {isa = PBXBuildFile; fileRef = C501617F1E779B8D003C382B /* player-3@2.png */; };
		C501619D1E779B8D003C382B /* player-3@3.png in Resources */ = {isa = PBXBuildFile; fileRef = C50161801E779B8D003C382B /* player-3@3.png */; };
		C501619E1E779B8D003C382B /* PlayerExplosion.sks in Resources */ = {isa = PBXBuildFile; fileRef = C50161811E779B8D003C382B /* PlayerExplosion.sks */; };
		C501619F1E779B8D003C382B /* README.txt in Resources */ = {isa = PBXBuildFile; fileRef = C50161821E779B8D003C382B /* README.txt */; };
		C50161A01E779B8D003C382B /* rock.png in Resources */ = {isa = PBXBuildFile; fileRef = C50161831E779B8D003C382B /* rock.png */; };
		C50161A11E779B8D003C382B /* rock@2.png in Resources */ = {isa = PBXBuildFile; fileRef = C50161841E779B8D003C382B /* rock@2.png */; };
		C50161A21E779B8D003C382B /* rock@3.png in Resources */ = {isa = PBXBuildFile; fileRef = C50161851E779B8D003C382B /* rock@3.png */; };
		C50161AA1E77A0E1003C382B /* biohazard.png in Resources */ = {isa = PBXBuildFile; fileRef = C50161A41E77A0E1003C382B /* biohazard.png */; };
		C50161AB1E77A0E1003C382B /* cow.png in Resources */ = {isa = PBXBuildFile; fileRef = C50161A51E77A0E1003C382B /* cow.png */; };
		C50161AC1E77A0E1003C382B /* human-handsup.png in Resources */ = {isa = PBXBuildFile; fileRef = C50161A61E77A0E1003C382B /* human-handsup.png */; };
		C50161AD1E77A0E1003C382B /* linux.png in Resources */ = {isa = PBXBuildFile; fileRef = C50161A71E77A0E1003C382B /* linux.png */; };
		C50161AE1E77A0E1003C382B /* owl.png in Resources */ = {isa = PBXBuildFile; fileRef = C50161A81E77A0E1003C382B /* owl.png */; };
		C50161AF1E77A0E1003C382B /* panda.png in Resources */ = {isa = PBXBuildFile; fileRef = C50161A91E77A0E1003C382B /* panda.png */; };
		C516E3021EA55438003E6879 /* JellyFish1-1.png in Resources */ = {isa = PBXBuildFile; fileRef = C516E2F91EA55438003E6879 /* JellyFish1-1.png */; };
		C516E3031EA55438003E6879 /* JellyFish1-1@2x.png in Resources */ = {isa = PBXBuildFile; fileRef = C516E2FA1EA55438003E6879 /* JellyFish1-1@2x.png */; };
		C516E3041EA55438003E6879 /* JellyFish1-1@3x.png in Resources */ = {isa = PBXBuildFile; fileRef = C516E2FB1EA55438003E6879 /* JellyFish1-1@3x.png */; };
		C516E3051EA55438003E6879 /* JellyFish1-2.png in Resources */ = {isa = PBXBuildFile; fileRef = C516E2FC1EA55438003E6879 /* JellyFish1-2.png */; };
		C516E3061EA55438003E6879 /* JellyFish1-2@2x.png in Resources */ = {isa = PBXBuildFile; fileRef = C516E2FD1EA55438003E6879 /* JellyFish1-2@2x.png */; };
		C516E3071EA55438003E6879 /* JellyFish1-2@3x.png in Resources */ = {isa = PBXBuildFile; fileRef = C516E2FE1EA55438003E6879 /* JellyFish1-2@3x.png */; };
		C516E3081EA55438003E6879 /* JellyFish1-3.png in Resources */ = {isa = PBXBuildFile; fileRef = C516E2FF1EA55438003E6879 /* JellyFish1-3.png */; };
		C516E3091EA55438003E6879 /* JellyFish1-3@2x.png in Resources */ = {isa = PBXBuildFile; fileRef = C516E3001EA55438003E6879 /* JellyFish1-3@2x.png */; };
		C516E30A1EA55438003E6879 /* JellyFish1-3@3x.png in Resources */ = {isa = PBXBuildFile; fileRef = C516E3011EA55438003E6879 /* JellyFish1-3@3x.png */; };
		C516E3141EA55A69003E6879 /* Bird1-1.png in Resources */ = {isa = PBXBuildFile; fileRef = C516E30B1EA55A69003E6879 /* Bird1-1.png */; };
		C516E3151EA55A69003E6879 /* Bird1-1@2x.png in Resources */ = {isa = PBXBuildFile; fileRef = C516E30C1EA55A69003E6879 /* Bird1-1@2x.png */; };
		C516E3161EA55A69003E6879 /* Bird1-1@3x.png in Resources */ = {isa = PBXBuildFile; fileRef = C516E30D1EA55A69003E6879 /* Bird1-1@3x.png */; };
		C516E3171EA55A69003E6879 /* Bird1-2.png in Resources */ = {isa = PBXBuildFile; fileRef = C516E30E1EA55A69003E6879 /* Bird1-2.png */; };
		C516E3181EA55A69003E6879 /* Bird1-2@2x.png in Resources */ = {isa = PBXBuildFile; fileRef = C516E30F1EA55A69003E6879 /* Bird1-2@2x.png */; };
		C516E3191EA55A69003E6879 /* Bird1-2@3x.png in Resources */ = {isa = PBXBuildFile; fileRef = C516E3101EA55A69003E6879 /* Bird1-2@3x.png */; };
		C516E31A1EA55A69003E6879 /* Bird1-3.png in Resources */ = {isa = PBXBuildFile; fileRef = C516E3111EA55A69003E6879 /* Bird1-3.png */; };
		C516E31B1EA55A69003E6879 /* Bird1-3@2x.png in Resources */ = {isa = PBXBuildFile; fileRef = C516E3121EA55A69003E6879 /* Bird1-3@2x.png */; };
		C516E31C1EA55A69003E6879 /* Bird1-3@3x.png in Resources */ = {isa = PBXBuildFile; fileRef = C516E3131EA55A69003E6879 /* Bird1-3@3x.png */; };
		C5287BFD1E8EE06700AF1351 /* MainViewController.swift in Sources */ = {isa = PBXBuildFile; fileRef = C5287BFC1E8EE06700AF1351 /* MainViewController.swift */; };
		C5287BFF1E8EEC0500AF1351 /* DeadViewController.swift in Sources */ = {isa = PBXBuildFile; fileRef = C5287BFE1E8EEC0500AF1351 /* DeadViewController.swift */; };
		C55506A31EA545170078168B /* background2.png in Resources */ = {isa = PBXBuildFile; fileRef = C55506A01EA545170078168B /* background2.png */; };
		C55506A41EA545170078168B /* background2@2x.png in Resources */ = {isa = PBXBuildFile; fileRef = C55506A11EA545170078168B /* background2@2x.png */; };
		C55506A51EA545170078168B /* background2@3x.png in Resources */ = {isa = PBXBuildFile; fileRef = C55506A21EA545170078168B /* background2@3x.png */; };
		C55506A91EA545360078168B /* ground2.png in Resources */ = {isa = PBXBuildFile; fileRef = C55506A61EA545360078168B /* ground2.png */; };
		C55506AA1EA545360078168B /* ground2@2x.png in Resources */ = {isa = PBXBuildFile; fileRef = C55506A71EA545360078168B /* ground2@2x.png */; };
		C55506AB1EA545360078168B /* ground2@3x.png in Resources */ = {isa = PBXBuildFile; fileRef = C55506A81EA545360078168B /* ground2@3x.png */; };
/* End PBXBuildFile section */

/* Begin PBXContainerItemProxy section */
		C501614C1E779AC5003C382B /* PBXContainerItemProxy */ = {
			isa = PBXContainerItemProxy;
			containerPortal = C50161291E779AC4003C382B /* Project object */;
			proxyType = 1;
			remoteGlobalIDString = C50161301E779AC4003C382B;
			remoteInfo = FlappingNemo;
		};
		C50161571E779AC5003C382B /* PBXContainerItemProxy */ = {
			isa = PBXContainerItemProxy;
			containerPortal = C50161291E779AC4003C382B /* Project object */;
			proxyType = 1;
			remoteGlobalIDString = C50161301E779AC4003C382B;
			remoteInfo = FlappingNemo;
		};
/* End PBXContainerItemProxy section */

/* Begin PBXFileReference section */
		C50161311E779AC4003C382B /* FlappingNemo.app */ = {isa = PBXFileReference; explicitFileType = wrapper.application; includeInIndex = 0; path = FlappingNemo.app; sourceTree = BUILT_PRODUCTS_DIR; };
		C50161341E779AC4003C382B /* AppDelegate.swift */ = {isa = PBXFileReference; lastKnownFileType = sourcecode.swift; path = AppDelegate.swift; sourceTree = "<group>"; };
		C50161361E779AC4003C382B /* GameScene.sks */ = {isa = PBXFileReference; lastKnownFileType = file.sks; path = GameScene.sks; sourceTree = "<group>"; };
		C50161381E779AC4003C382B /* Actions.sks */ = {isa = PBXFileReference; lastKnownFileType = file.sks; path = Actions.sks; sourceTree = "<group>"; };
		C501613A1E779AC4003C382B /* GameScene.swift */ = {isa = PBXFileReference; lastKnownFileType = sourcecode.swift; path = GameScene.swift; sourceTree = "<group>"; };
		C501613C1E779AC4003C382B /* GameViewController.swift */ = {isa = PBXFileReference; lastKnownFileType = sourcecode.swift; path = GameViewController.swift; sourceTree = "<group>"; };
		C501613F1E779AC4003C382B /* Base */ = {isa = PBXFileReference; lastKnownFileType = file.storyboard; name = Base; path = Base.lproj/Main.storyboard; sourceTree = "<group>"; };
		C50161411E779AC4003C382B /* Assets.xcassets */ = {isa = PBXFileReference; lastKnownFileType = folder.assetcatalog; path = Assets.xcassets; sourceTree = "<group>"; };
		C50161441E779AC4003C382B /* Base */ = {isa = PBXFileReference; lastKnownFileType = file.storyboard; name = Base; path = Base.lproj/LaunchScreen.storyboard; sourceTree = "<group>"; };
		C50161461E779AC4003C382B /* Info.plist */ = {isa = PBXFileReference; lastKnownFileType = text.plist.xml; path = Info.plist; sourceTree = "<group>"; };
		C501614B1E779AC5003C382B /* FlappingNemoTests.xctest */ = {isa = PBXFileReference; explicitFileType = wrapper.cfbundle; includeInIndex = 0; path = FlappingNemoTests.xctest; sourceTree = BUILT_PRODUCTS_DIR; };
		C501614F1E779AC5003C382B /* FlappingNemoTests.swift */ = {isa = PBXFileReference; lastKnownFileType = sourcecode.swift; path = FlappingNemoTests.swift; sourceTree = "<group>"; };
		C50161511E779AC5003C382B /* Info.plist */ = {isa = PBXFileReference; lastKnownFileType = text.plist.xml; path = Info.plist; sourceTree = "<group>"; };
		C50161561E779AC5003C382B /* FlappingNemoUITests.xctest */ = {isa = PBXFileReference; explicitFileType = wrapper.cfbundle; includeInIndex = 0; path = FlappingNemoUITests.xctest; sourceTree = BUILT_PRODUCTS_DIR; };
		C501615A1E779AC5003C382B /* FlappingNemoUITests.swift */ = {isa = PBXFileReference; lastKnownFileType = sourcecode.swift; path = FlappingNemoUITests.swift; sourceTree = "<group>"; };
		C501615C1E779AC5003C382B /* Info.plist */ = {isa = PBXFileReference; lastKnownFileType = text.plist.xml; path = Info.plist; sourceTree = "<group>"; };
		C501616C1E779B8D003C382B /* coin.wav */ = {isa = PBXFileReference; lastKnownFileType = audio.wav; path = coin.wav; sourceTree = "<group>"; };
		C501616D1E779B8D003C382B /* explosion.wav */ = {isa = PBXFileReference; lastKnownFileType = audio.wav; path = explosion.wav; sourceTree = "<group>"; };
		C501616E1E779B8D003C382B /* gameover.png */ = {isa = PBXFileReference; lastKnownFileType = image.png; path = gameover.png; sourceTree = "<group>"; };
		C501616F1E779B8D003C382B /* gameover@2.png */ = {isa = PBXFileReference; lastKnownFileType = image.png; path = "gameover@2.png"; sourceTree = "<group>"; };
		C50161701E779B8D003C382B /* gameover@3.png */ = {isa = PBXFileReference; lastKnownFileType = image.png; path = "gameover@3.png"; sourceTree = "<group>"; };
		C50161741E779B8D003C382B /* logo.png */ = {isa = PBXFileReference; lastKnownFileType = image.png; path = logo.png; sourceTree = "<group>"; };
		C50161751E779B8D003C382B /* logo@2.png */ = {isa = PBXFileReference; lastKnownFileType = image.png; path = "logo@2.png"; sourceTree = "<group>"; };
		C50161761E779B8D003C382B /* logo@3.png */ = {isa = PBXFileReference; lastKnownFileType = image.png; path = "logo@3.png"; sourceTree = "<group>"; };
		C50161771E779B8D003C382B /* music.m4a */ = {isa = PBXFileReference; lastKnownFileType = file; path = music.m4a; sourceTree = "<group>"; };
		C50161781E779B8D003C382B /* player-1.png */ = {isa = PBXFileReference; lastKnownFileType = image.png; path = "player-1.png"; sourceTree = "<group>"; };
		C50161791E779B8D003C382B /* player-1@2.png */ = {isa = PBXFileReference; lastKnownFileType = image.png; path = "player-1@2.png"; sourceTree = "<group>"; };
		C501617A1E779B8D003C382B /* player-1@3.png */ = {isa = PBXFileReference; lastKnownFileType = image.png; path = "player-1@3.png"; sourceTree = "<group>"; };
		C501617B1E779B8D003C382B /* player-2.png */ = {isa = PBXFileReference; lastKnownFileType = image.png; path = "player-2.png"; sourceTree = "<group>"; };
		C501617C1E779B8D003C382B /* player-2@2.png */ = {isa = PBXFileReference; lastKnownFileType = image.png; path = "player-2@2.png"; sourceTree = "<group>"; };
		C501617D1E779B8D003C382B /* player-2@3.png */ = {isa = PBXFileReference; lastKnownFileType = image.png; path = "player-2@3.png"; sourceTree = "<group>"; };
		C501617E1E779B8D003C382B /* player-3.png */ = {isa = PBXFileReference; lastKnownFileType = image.png; path = "player-3.png"; sourceTree = "<group>"; };
		C501617F1E779B8D003C382B /* player-3@2.png */ = {isa = PBXFileReference; lastKnownFileType = image.png; path = "player-3@2.png"; sourceTree = "<group>"; };
		C50161801E779B8D003C382B /* player-3@3.png */ = {isa = PBXFileReference; lastKnownFileType = image.png; path = "player-3@3.png"; sourceTree = "<group>"; };
		C50161811E779B8D003C382B /* PlayerExplosion.sks */ = {isa = PBXFileReference; lastKnownFileType = file.sks; path = PlayerExplosion.sks; sourceTree = "<group>"; };
		C50161821E779B8D003C382B /* README.txt */ = {isa = PBXFileReference; fileEncoding = 4; lastKnownFileType = text; path = README.txt; sourceTree = "<group>"; };
		C50161831E779B8D003C382B /* rock.png */ = {isa = PBXFileReference; lastKnownFileType = image.png; path = rock.png; sourceTree = "<group>"; };
		C50161841E779B8D003C382B /* rock@2.png */ = {isa = PBXFileReference; lastKnownFileType = image.png; path = "rock@2.png"; sourceTree = "<group>"; };
		C50161851E779B8D003C382B /* rock@3.png */ = {isa = PBXFileReference; lastKnownFileType = image.png; path = "rock@3.png"; sourceTree = "<group>"; };
		C50161A41E77A0E1003C382B /* biohazard.png */ = {isa = PBXFileReference; lastKnownFileType = image.png; name = biohazard.png; path = PlaceholderImages/biohazard.png; sourceTree = "<group>"; };
		C50161A51E77A0E1003C382B /* cow.png */ = {isa = PBXFileReference; lastKnownFileType = image.png; name = cow.png; path = PlaceholderImages/cow.png; sourceTree = "<group>"; };
		C50161A61E77A0E1003C382B /* human-handsup.png */ = {isa = PBXFileReference; lastKnownFileType = image.png; name = "human-handsup.png"; path = "PlaceholderImages/human-handsup.png"; sourceTree = "<group>"; };
		C50161A71E77A0E1003C382B /* linux.png */ = {isa = PBXFileReference; lastKnownFileType = image.png; name = linux.png; path = PlaceholderImages/linux.png; sourceTree = "<group>"; };
		C50161A81E77A0E1003C382B /* owl.png */ = {isa = PBXFileReference; lastKnownFileType = image.png; name = owl.png; path = PlaceholderImages/owl.png; sourceTree = "<group>"; };
		C50161A91E77A0E1003C382B /* panda.png */ = {isa = PBXFileReference; lastKnownFileType = image.png; name = panda.png; path = PlaceholderImages/panda.png; sourceTree = "<group>"; };
		C516E2F91EA55438003E6879 /* JellyFish1-1.png */ = {isa = PBXFileReference; lastKnownFileType = image.png; path = "JellyFish1-1.png"; sourceTree = "<group>"; };
		C516E2FA1EA55438003E6879 /* JellyFish1-1@2x.png */ = {isa = PBXFileReference; lastKnownFileType = image.png; path = "JellyFish1-1@2x.png"; sourceTree = "<group>"; };
		C516E2FB1EA55438003E6879 /* JellyFish1-1@3x.png */ = {isa = PBXFileReference; lastKnownFileType = image.png; path = "JellyFish1-1@3x.png"; sourceTree = "<group>"; };
		C516E2FC1EA55438003E6879 /* JellyFish1-2.png */ = {isa = PBXFileReference; lastKnownFileType = image.png; path = "JellyFish1-2.png"; sourceTree = "<group>"; };
		C516E2FD1EA55438003E6879 /* JellyFish1-2@2x.png */ = {isa = PBXFileReference; lastKnownFileType = image.png; path = "JellyFish1-2@2x.png"; sourceTree = "<group>"; };
		C516E2FE1EA55438003E6879 /* JellyFish1-2@3x.png */ = {isa = PBXFileReference; lastKnownFileType = image.png; path = "JellyFish1-2@3x.png"; sourceTree = "<group>"; };
		C516E2FF1EA55438003E6879 /* JellyFish1-3.png */ = {isa = PBXFileReference; lastKnownFileType = image.png; path = "JellyFish1-3.png"; sourceTree = "<group>"; };
		C516E3001EA55438003E6879 /* JellyFish1-3@2x.png */ = {isa = PBXFileReference; lastKnownFileType = image.png; path = "JellyFish1-3@2x.png"; sourceTree = "<group>"; };
		C516E3011EA55438003E6879 /* JellyFish1-3@3x.png */ = {isa = PBXFileReference; lastKnownFileType = image.png; path = "JellyFish1-3@3x.png"; sourceTree = "<group>"; };
		C516E30B1EA55A69003E6879 /* Bird1-1.png */ = {isa = PBXFileReference; lastKnownFileType = image.png; path = "Bird1-1.png"; sourceTree = "<group>"; };
		C516E30C1EA55A69003E6879 /* Bird1-1@2x.png */ = {isa = PBXFileReference; lastKnownFileType = image.png; path = "Bird1-1@2x.png"; sourceTree = "<group>"; };
		C516E30D1EA55A69003E6879 /* Bird1-1@3x.png */ = {isa = PBXFileReference; lastKnownFileType = image.png; path = "Bird1-1@3x.png"; sourceTree = "<group>"; };
		C516E30E1EA55A69003E6879 /* Bird1-2.png */ = {isa = PBXFileReference; lastKnownFileType = image.png; path = "Bird1-2.png"; sourceTree = "<group>"; };
		C516E30F1EA55A69003E6879 /* Bird1-2@2x.png */ = {isa = PBXFileReference; lastKnownFileType = image.png; path = "Bird1-2@2x.png"; sourceTree = "<group>"; };
		C516E3101EA55A69003E6879 /* Bird1-2@3x.png */ = {isa = PBXFileReference; lastKnownFileType = image.png; path = "Bird1-2@3x.png"; sourceTree = "<group>"; };
		C516E3111EA55A69003E6879 /* Bird1-3.png */ = {isa = PBXFileReference; lastKnownFileType = image.png; path = "Bird1-3.png"; sourceTree = "<group>"; };
		C516E3121EA55A69003E6879 /* Bird1-3@2x.png */ = {isa = PBXFileReference; lastKnownFileType = image.png; path = "Bird1-3@2x.png"; sourceTree = "<group>"; };
		C516E3131EA55A69003E6879 /* Bird1-3@3x.png */ = {isa = PBXFileReference; lastKnownFileType = image.png; path = "Bird1-3@3x.png"; sourceTree = "<group>"; };
		C5287BFC1E8EE06700AF1351 /* MainViewController.swift */ = {isa = PBXFileReference; fileEncoding = 4; lastKnownFileType = sourcecode.swift; path = MainViewController.swift; sourceTree = "<group>"; };
		C5287BFE1E8EEC0500AF1351 /* DeadViewController.swift */ = {isa = PBXFileReference; fileEncoding = 4; lastKnownFileType = sourcecode.swift; path = DeadViewController.swift; sourceTree = "<group>"; };
		C55506A01EA545170078168B /* background2.png */ = {isa = PBXFileReference; lastKnownFileType = image.png; path = background2.png; sourceTree = "<group>"; };
		C55506A11EA545170078168B /* background2@2x.png */ = {isa = PBXFileReference; lastKnownFileType = image.png; path = "background2@2x.png"; sourceTree = "<group>"; };
		C55506A21EA545170078168B /* background2@3x.png */ = {isa = PBXFileReference; lastKnownFileType = image.png; path = "background2@3x.png"; sourceTree = "<group>"; };
		C55506A61EA545360078168B /* ground2.png */ = {isa = PBXFileReference; lastKnownFileType = image.png; path = ground2.png; sourceTree = "<group>"; };
		C55506A71EA545360078168B /* ground2@2x.png */ = {isa = PBXFileReference; lastKnownFileType = image.png; path = "ground2@2x.png"; sourceTree = "<group>"; };
		C55506A81EA545360078168B /* ground2@3x.png */ = {isa = PBXFileReference; lastKnownFileType = image.png; path = "ground2@3x.png"; sourceTree = "<group>"; };
/* End PBXFileReference section */

/* Begin PBXFrameworksBuildPhase section */
		C501612E1E779AC4003C382B /* Frameworks */ = {
			isa = PBXFrameworksBuildPhase;
			buildActionMask = 2147483647;
			files = (
			);
			runOnlyForDeploymentPostprocessing = 0;
		};
		C50161481E779AC5003C382B /* Frameworks */ = {
			isa = PBXFrameworksBuildPhase;
			buildActionMask = 2147483647;
			files = (
			);
			runOnlyForDeploymentPostprocessing = 0;
		};
		C50161531E779AC5003C382B /* Frameworks */ = {
			isa = PBXFrameworksBuildPhase;
			buildActionMask = 2147483647;
			files = (
			);
			runOnlyForDeploymentPostprocessing = 0;
		};
/* End PBXFrameworksBuildPhase section */

/* Begin PBXGroup section */
		C50161281E779AC4003C382B = {
			isa = PBXGroup;
			children = (
				C5287BFE1E8EEC0500AF1351 /* DeadViewController.swift */,
				C5287BFC1E8EE06700AF1351 /* MainViewController.swift */,
				C50161A31E77A081003C382B /* ImagesPlaceholder */,
				C50161681E779B8D003C382B /* Content */,
				C50161331E779AC4003C382B /* FlappingNemo */,
				C501614E1E779AC5003C382B /* FlappingNemoTests */,
				C50161591E779AC5003C382B /* FlappingNemoUITests */,
				C50161321E779AC4003C382B /* Products */,
			);
			sourceTree = "<group>";
		};
		C50161321E779AC4003C382B /* Products */ = {
			isa = PBXGroup;
			children = (
				C50161311E779AC4003C382B /* FlappingNemo.app */,
				C501614B1E779AC5003C382B /* FlappingNemoTests.xctest */,
				C50161561E779AC5003C382B /* FlappingNemoUITests.xctest */,
			);
			name = Products;
			sourceTree = "<group>";
		};
		C50161331E779AC4003C382B /* FlappingNemo */ = {
			isa = PBXGroup;
			children = (
				C50161341E779AC4003C382B /* AppDelegate.swift */,
				C50161361E779AC4003C382B /* GameScene.sks */,
				C50161381E779AC4003C382B /* Actions.sks */,
				C501613A1E779AC4003C382B /* GameScene.swift */,
				C501613C1E779AC4003C382B /* GameViewController.swift */,
				C501613E1E779AC4003C382B /* Main.storyboard */,
				C50161411E779AC4003C382B /* Assets.xcassets */,
				C50161431E779AC4003C382B /* LaunchScreen.storyboard */,
				C50161461E779AC4003C382B /* Info.plist */,
			);
			path = FlappingNemo;
			sourceTree = "<group>";
		};
		C501614E1E779AC5003C382B /* FlappingNemoTests */ = {
			isa = PBXGroup;
			children = (
				C501614F1E779AC5003C382B /* FlappingNemoTests.swift */,
				C50161511E779AC5003C382B /* Info.plist */,
			);
			path = FlappingNemoTests;
			sourceTree = "<group>";
		};
		C50161591E779AC5003C382B /* FlappingNemoUITests */ = {
			isa = PBXGroup;
			children = (
				C501615A1E779AC5003C382B /* FlappingNemoUITests.swift */,
				C501615C1E779AC5003C382B /* Info.plist */,
			);
			path = FlappingNemoUITests;
			sourceTree = "<group>";
		};
		C50161681E779B8D003C382B /* Content */ = {
			isa = PBXGroup;
			children = (
				C516E30B1EA55A69003E6879 /* Bird1-1.png */,
				C516E30C1EA55A69003E6879 /* Bird1-1@2x.png */,
				C516E30D1EA55A69003E6879 /* Bird1-1@3x.png */,
				C516E30E1EA55A69003E6879 /* Bird1-2.png */,
				C516E30F1EA55A69003E6879 /* Bird1-2@2x.png */,
				C516E3101EA55A69003E6879 /* Bird1-2@3x.png */,
				C516E3111EA55A69003E6879 /* Bird1-3.png */,
				C516E3121EA55A69003E6879 /* Bird1-3@2x.png */,
				C516E3131EA55A69003E6879 /* Bird1-3@3x.png */,
				C516E2F91EA55438003E6879 /* JellyFish1-1.png */,
				C516E2FA1EA55438003E6879 /* JellyFish1-1@2x.png */,
				C516E2FB1EA55438003E6879 /* JellyFish1-1@3x.png */,
				C516E2FC1EA55438003E6879 /* JellyFish1-2.png */,
				C516E2FD1EA55438003E6879 /* JellyFish1-2@2x.png */,
				C516E2FE1EA55438003E6879 /* JellyFish1-2@3x.png */,
				C516E2FF1EA55438003E6879 /* JellyFish1-3.png */,
				C516E3001EA55438003E6879 /* JellyFish1-3@2x.png */,
				C516E3011EA55438003E6879 /* JellyFish1-3@3x.png */,
				C55506A61EA545360078168B /* ground2.png */,
				C55506A71EA545360078168B /* ground2@2x.png */,
				C55506A81EA545360078168B /* ground2@3x.png */,
				C55506A01EA545170078168B /* background2.png */,
				C55506A11EA545170078168B /* background2@2x.png */,
				C55506A21EA545170078168B /* background2@3x.png */,
				C501616C1E779B8D003C382B /* coin.wav */,
				C501616D1E779B8D003C382B /* explosion.wav */,
				C501616E1E779B8D003C382B /* gameover.png */,
				C501616F1E779B8D003C382B /* gameover@2.png */,
				C50161701E779B8D003C382B /* gameover@3.png */,
				C50161741E779B8D003C382B /* logo.png */,
				C50161751E779B8D003C382B /* logo@2.png */,
				C50161761E779B8D003C382B /* logo@3.png */,
				C50161771E779B8D003C382B /* music.m4a */,
				C50161781E779B8D003C382B /* player-1.png */,
				C50161791E779B8D003C382B /* player-1@2.png */,
				C501617A1E779B8D003C382B /* player-1@3.png */,
				C501617B1E779B8D003C382B /* player-2.png */,
				C501617C1E779B8D003C382B /* player-2@2.png */,
				C501617D1E779B8D003C382B /* player-2@3.png */,
				C501617E1E779B8D003C382B /* player-3.png */,
				C501617F1E779B8D003C382B /* player-3@2.png */,
				C50161801E779B8D003C382B /* player-3@3.png */,
				C50161811E779B8D003C382B /* PlayerExplosion.sks */,
				C50161821E779B8D003C382B /* README.txt */,
				C50161831E779B8D003C382B /* rock.png */,
				C50161841E779B8D003C382B /* rock@2.png */,
				C50161851E779B8D003C382B /* rock@3.png */,
			);
			path = Content;
			sourceTree = "<group>";
		};
		C50161A31E77A081003C382B /* ImagesPlaceholder */ = {
			isa = PBXGroup;
			children = (
				C50161A41E77A0E1003C382B /* biohazard.png */,
				C50161A51E77A0E1003C382B /* cow.png */,
				C50161A61E77A0E1003C382B /* human-handsup.png */,
				C50161A71E77A0E1003C382B /* linux.png */,
				C50161A81E77A0E1003C382B /* owl.png */,
				C50161A91E77A0E1003C382B /* panda.png */,
			);
			name = ImagesPlaceholder;
			sourceTree = "<group>";
		};
/* End PBXGroup section */

/* Begin PBXNativeTarget section */
		C50161301E779AC4003C382B /* FlappingNemo */ = {
			isa = PBXNativeTarget;
			buildConfigurationList = C501615F1E779AC5003C382B /* Build configuration list for PBXNativeTarget "FlappingNemo" */;
			buildPhases = (
				C501612D1E779AC4003C382B /* Sources */,
				C501612E1E779AC4003C382B /* Frameworks */,
				C501612F1E779AC4003C382B /* Resources */,
			);
			buildRules = (
			);
			dependencies = (
			);
			name = FlappingNemo;
			productName = FlappingNemo;
			productReference = C50161311E779AC4003C382B /* FlappingNemo.app */;
			productType = "com.apple.product-type.application";
		};
		C501614A1E779AC5003C382B /* FlappingNemoTests */ = {
			isa = PBXNativeTarget;
			buildConfigurationList = C50161621E779AC5003C382B /* Build configuration list for PBXNativeTarget "FlappingNemoTests" */;
			buildPhases = (
				C50161471E779AC5003C382B /* Sources */,
				C50161481E779AC5003C382B /* Frameworks */,
				C50161491E779AC5003C382B /* Resources */,
			);
			buildRules = (
			);
			dependencies = (
				C501614D1E779AC5003C382B /* PBXTargetDependency */,
			);
			name = FlappingNemoTests;
			productName = FlappingNemoTests;
			productReference = C501614B1E779AC5003C382B /* FlappingNemoTests.xctest */;
			productType = "com.apple.product-type.bundle.unit-test";
		};
		C50161551E779AC5003C382B /* FlappingNemoUITests */ = {
			isa = PBXNativeTarget;
			buildConfigurationList = C50161651E779AC5003C382B /* Build configuration list for PBXNativeTarget "FlappingNemoUITests" */;
			buildPhases = (
				C50161521E779AC5003C382B /* Sources */,
				C50161531E779AC5003C382B /* Frameworks */,
				C50161541E779AC5003C382B /* Resources */,
			);
			buildRules = (
			);
			dependencies = (
				C50161581E779AC5003C382B /* PBXTargetDependency */,
			);
			name = FlappingNemoUITests;
			productName = FlappingNemoUITests;
			productReference = C50161561E779AC5003C382B /* FlappingNemoUITests.xctest */;
			productType = "com.apple.product-type.bundle.ui-testing";
		};
/* End PBXNativeTarget section */

/* Begin PBXProject section */
		C50161291E779AC4003C382B /* Project object */ = {
			isa = PBXProject;
			attributes = {
				LastSwiftUpdateCheck = 0820;
				LastUpgradeCheck = 0820;
				ORGANIZATIONNAME = "Tyler Blair";
				TargetAttributes = {
					C50161301E779AC4003C382B = {
						CreatedOnToolsVersion = 8.2.1;
						ProvisioningStyle = Automatic;
					};
					C501614A1E779AC5003C382B = {
						CreatedOnToolsVersion = 8.2.1;
						ProvisioningStyle = Automatic;
						TestTargetID = C50161301E779AC4003C382B;
					};
					C50161551E779AC5003C382B = {
						CreatedOnToolsVersion = 8.2.1;
						ProvisioningStyle = Automatic;
						TestTargetID = C50161301E779AC4003C382B;
					};
				};
			};
			buildConfigurationList = C501612C1E779AC4003C382B /* Build configuration list for PBXProject "FlappingNemo" */;
			compatibilityVersion = "Xcode 3.2";
			developmentRegion = English;
			hasScannedForEncodings = 0;
			knownRegions = (
				en,
				Base,
			);
			mainGroup = C50161281E779AC4003C382B;
			productRefGroup = C50161321E779AC4003C382B /* Products */;
			projectDirPath = "";
			projectRoot = "";
			targets = (
				C50161301E779AC4003C382B /* FlappingNemo */,
				C501614A1E779AC5003C382B /* FlappingNemoTests */,
				C50161551E779AC5003C382B /* FlappingNemoUITests */,
			);
		};
/* End PBXProject section */

/* Begin PBXResourcesBuildPhase section */
		C501612F1E779AC4003C382B /* Resources */ = {
			isa = PBXResourcesBuildPhase;
			buildActionMask = 2147483647;
			files = (
				C55506A51EA545170078168B /* background2@3x.png in Resources */,
				C50161AF1E77A0E1003C382B /* panda.png in Resources */,
				C50161921E779B8D003C382B /* logo@2.png in Resources */,
				C501618A1E779B8D003C382B /* explosion.wav in Resources */,
				C501618C1E779B8D003C382B /* gameover@2.png in Resources */,
				C50161AB1E77A0E1003C382B /* cow.png in Resources */,
				C50161AD1E77A0E1003C382B /* linux.png in Resources */,
				C55506A31EA545170078168B /* background2.png in Resources */,
				C516E3181EA55A69003E6879 /* Bird1-2@2x.png in Resources */,
				C516E3041EA55438003E6879 /* JellyFish1-1@3x.png in Resources */,
				C501619C1E779B8D003C382B /* player-3@2.png in Resources */,
				C50161AA1E77A0E1003C382B /* biohazard.png in Resources */,
				C50161A11E779B8D003C382B /* rock@2.png in Resources */,
				C501619A1E779B8D003C382B /* player-2@3.png in Resources */,
				C516E31C1EA55A69003E6879 /* Bird1-3@3x.png in Resources */,
				C516E3051EA55438003E6879 /* JellyFish1-2.png in Resources */,
				C50161401E779AC4003C382B /* Main.storyboard in Resources */,
				C516E31A1EA55A69003E6879 /* Bird1-3.png in Resources */,
				C55506AA1EA545360078168B /* ground2@2x.png in Resources */,
				C55506A91EA545360078168B /* ground2.png in Resources */,
				C50161911E779B8D003C382B /* logo.png in Resources */,
				C50161931E779B8D003C382B /* logo@3.png in Resources */,
				C50161A01E779B8D003C382B /* rock.png in Resources */,
				C50161AE1E77A0E1003C382B /* owl.png in Resources */,
				C50161371E779AC4003C382B /* GameScene.sks in Resources */,
				C50161AC1E77A0E1003C382B /* human-handsup.png in Resources */,
				C50161981E779B8D003C382B /* player-2.png in Resources */,
				C55506A41EA545170078168B /* background2@2x.png in Resources */,
				C516E3021EA55438003E6879 /* JellyFish1-1.png in Resources */,
				C55506AB1EA545360078168B /* ground2@3x.png in Resources */,
				C516E3061EA55438003E6879 /* JellyFish1-2@2x.png in Resources */,
				C516E3141EA55A69003E6879 /* Bird1-1.png in Resources */,
				C50161951E779B8D003C382B /* player-1.png in Resources */,
				C501619D1E779B8D003C382B /* player-3@3.png in Resources */,
				C50161421E779AC4003C382B /* Assets.xcassets in Resources */,
				C516E3171EA55A69003E6879 /* Bird1-2.png in Resources */,
				C516E3161EA55A69003E6879 /* Bird1-1@3x.png in Resources */,
				C50161451E779AC4003C382B /* LaunchScreen.storyboard in Resources */,
				C516E3081EA55438003E6879 /* JellyFish1-3.png in Resources */,
				C516E3191EA55A69003E6879 /* Bird1-2@3x.png in Resources */,
				C501619E1E779B8D003C382B /* PlayerExplosion.sks in Resources */,
				C50161991E779B8D003C382B /* player-2@2.png in Resources */,
				C501619F1E779B8D003C382B /* README.txt in Resources */,
				C50161891E779B8D003C382B /* coin.wav in Resources */,
				C516E3031EA55438003E6879 /* JellyFish1-1@2x.png in Resources */,
				C50161391E779AC4003C382B /* Actions.sks in Resources */,
				C50161971E779B8D003C382B /* player-1@3.png in Resources */,
				C50161961E779B8D003C382B /* player-1@2.png in Resources */,
				C516E3151EA55A69003E6879 /* Bird1-1@2x.png in Resources */,
				C501619B1E779B8D003C382B /* player-3.png in Resources */,
				C501618B1E779B8D003C382B /* gameover.png in Resources */,
				C516E30A1EA55438003E6879 /* JellyFish1-3@3x.png in Resources */,
				C516E3091EA55438003E6879 /* JellyFish1-3@2x.png in Resources */,
				C50161A21E779B8D003C382B /* rock@3.png in Resources */,
				C50161941E779B8D003C382B /* music.m4a in Resources */,
				C501618D1E779B8D003C382B /* gameover@3.png in Resources */,
				C516E31B1EA55A69003E6879 /* Bird1-3@2x.png in Resources */,
				C516E3071EA55438003E6879 /* JellyFish1-2@3x.png in Resources */,
			);
			runOnlyForDeploymentPostprocessing = 0;
		};
		C50161491E779AC5003C382B /* Resources */ = {
			isa = PBXResourcesBuildPhase;
			buildActionMask = 2147483647;
			files = (
			);
			runOnlyForDeploymentPostprocessing = 0;
		};
		C50161541E779AC5003C382B /* Resources */ = {
			isa = PBXResourcesBuildPhase;
			buildActionMask = 2147483647;
			files = (
			);
			runOnlyForDeploymentPostprocessing = 0;
		};
/* End PBXResourcesBuildPhase section */

/* Begin PBXSourcesBuildPhase section */
		C501612D1E779AC4003C382B /* Sources */ = {
			isa = PBXSourcesBuildPhase;
			buildActionMask = 2147483647;
			files = (
				C501613B1E779AC4003C382B /* GameScene.swift in Sources */,
				C5287BFF1E8EEC0500AF1351 /* DeadViewController.swift in Sources */,
				C501613D1E779AC4003C382B /* GameViewController.swift in Sources */,
				C50161351E779AC4003C382B /* AppDelegate.swift in Sources */,
				C5287BFD1E8EE06700AF1351 /* MainViewController.swift in Sources */,
			);
			runOnlyForDeploymentPostprocessing = 0;
		};
		C50161471E779AC5003C382B /* Sources */ = {
			isa = PBXSourcesBuildPhase;
			buildActionMask = 2147483647;
			files = (
				C50161501E779AC5003C382B /* FlappingNemoTests.swift in Sources */,
			);
			runOnlyForDeploymentPostprocessing = 0;
		};
		C50161521E779AC5003C382B /* Sources */ = {
			isa = PBXSourcesBuildPhase;
			buildActionMask = 2147483647;
			files = (
				C501615B1E779AC5003C382B /* FlappingNemoUITests.swift in Sources */,
			);
			runOnlyForDeploymentPostprocessing = 0;
		};
/* End PBXSourcesBuildPhase section */

/* Begin PBXTargetDependency section */
		C501614D1E779AC5003C382B /* PBXTargetDependency */ = {
			isa = PBXTargetDependency;
			target = C50161301E779AC4003C382B /* FlappingNemo */;
			targetProxy = C501614C1E779AC5003C382B /* PBXContainerItemProxy */;
		};
		C50161581E779AC5003C382B /* PBXTargetDependency */ = {
			isa = PBXTargetDependency;
			target = C50161301E779AC4003C382B /* FlappingNemo */;
			targetProxy = C50161571E779AC5003C382B /* PBXContainerItemProxy */;
		};
/* End PBXTargetDependency section */

/* Begin PBXVariantGroup section */
		C501613E1E779AC4003C382B /* Main.storyboard */ = {
			isa = PBXVariantGroup;
			children = (
				C501613F1E779AC4003C382B /* Base */,
			);
			name = Main.storyboard;
			sourceTree = "<group>";
		};
		C50161431E779AC4003C382B /* LaunchScreen.storyboard */ = {
			isa = PBXVariantGroup;
			children = (
				C50161441E779AC4003C382B /* Base */,
			);
			name = LaunchScreen.storyboard;
			sourceTree = "<group>";
		};
/* End PBXVariantGroup section */

/* Begin XCBuildConfiguration section */
		C501615D1E779AC5003C382B /* Debug */ = {
			isa = XCBuildConfiguration;
			buildSettings = {
				ALWAYS_SEARCH_USER_PATHS = NO;
				CLANG_ANALYZER_NONNULL = YES;
				CLANG_CXX_LANGUAGE_STANDARD = "gnu++0x";
				CLANG_CXX_LIBRARY = "libc++";
				CLANG_ENABLE_MODULES = YES;
				CLANG_ENABLE_OBJC_ARC = YES;
				CLANG_WARN_BOOL_CONVERSION = YES;
				CLANG_WARN_CONSTANT_CONVERSION = YES;
				CLANG_WARN_DIRECT_OBJC_ISA_USAGE = YES_ERROR;
				CLANG_WARN_DOCUMENTATION_COMMENTS = YES;
				CLANG_WARN_EMPTY_BODY = YES;
				CLANG_WARN_ENUM_CONVERSION = YES;
				CLANG_WARN_INFINITE_RECURSION = YES;
				CLANG_WARN_INT_CONVERSION = YES;
				CLANG_WARN_OBJC_ROOT_CLASS = YES_ERROR;
				CLANG_WARN_SUSPICIOUS_MOVE = YES;
				CLANG_WARN_UNREACHABLE_CODE = YES;
				CLANG_WARN__DUPLICATE_METHOD_MATCH = YES;
				"CODE_SIGN_IDENTITY[sdk=iphoneos*]" = "iPhone Developer";
				COPY_PHASE_STRIP = NO;
				DEBUG_INFORMATION_FORMAT = dwarf;
				ENABLE_STRICT_OBJC_MSGSEND = YES;
				ENABLE_TESTABILITY = YES;
				GCC_C_LANGUAGE_STANDARD = gnu99;
				GCC_DYNAMIC_NO_PIC = NO;
				GCC_NO_COMMON_BLOCKS = YES;
				GCC_OPTIMIZATION_LEVEL = 0;
				GCC_PREPROCESSOR_DEFINITIONS = (
					"DEBUG=1",
					"$(inherited)",
				);
				GCC_WARN_64_TO_32_BIT_CONVERSION = YES;
				GCC_WARN_ABOUT_RETURN_TYPE = YES_ERROR;
				GCC_WARN_UNDECLARED_SELECTOR = YES;
				GCC_WARN_UNINITIALIZED_AUTOS = YES_AGGRESSIVE;
				GCC_WARN_UNUSED_FUNCTION = YES;
				GCC_WARN_UNUSED_VARIABLE = YES;
				IPHONEOS_DEPLOYMENT_TARGET = 10.2;
				MTL_ENABLE_DEBUG_INFO = YES;
				ONLY_ACTIVE_ARCH = YES;
				SDKROOT = iphoneos;
				SWIFT_ACTIVE_COMPILATION_CONDITIONS = DEBUG;
				SWIFT_OPTIMIZATION_LEVEL = "-Onone";
				TARGETED_DEVICE_FAMILY = "1,2";
			};
			name = Debug;
		};
		C501615E1E779AC5003C382B /* Release */ = {
			isa = XCBuildConfiguration;
			buildSettings = {
				ALWAYS_SEARCH_USER_PATHS = NO;
				CLANG_ANALYZER_NONNULL = YES;
				CLANG_CXX_LANGUAGE_STANDARD = "gnu++0x";
				CLANG_CXX_LIBRARY = "libc++";
				CLANG_ENABLE_MODULES = YES;
				CLANG_ENABLE_OBJC_ARC = YES;
				CLANG_WARN_BOOL_CONVERSION = YES;
				CLANG_WARN_CONSTANT_CONVERSION = YES;
				CLANG_WARN_DIRECT_OBJC_ISA_USAGE = YES_ERROR;
				CLANG_WARN_DOCUMENTATION_COMMENTS = YES;
				CLANG_WARN_EMPTY_BODY = YES;
				CLANG_WARN_ENUM_CONVERSION = YES;
				CLANG_WARN_INFINITE_RECURSION = YES;
				CLANG_WARN_INT_CONVERSION = YES;
				CLANG_WARN_OBJC_ROOT_CLASS = YES_ERROR;
				CLANG_WARN_SUSPICIOUS_MOVE = YES;
				CLANG_WARN_UNREACHABLE_CODE = YES;
				CLANG_WARN__DUPLICATE_METHOD_MATCH = YES;
				"CODE_SIGN_IDENTITY[sdk=iphoneos*]" = "iPhone Developer";
				COPY_PHASE_STRIP = NO;
				DEBUG_INFORMATION_FORMAT = "dwarf-with-dsym";
				ENABLE_NS_ASSERTIONS = NO;
				ENABLE_STRICT_OBJC_MSGSEND = YES;
				GCC_C_LANGUAGE_STANDARD = gnu99;
				GCC_NO_COMMON_BLOCKS = YES;
				GCC_WARN_64_TO_32_BIT_CONVERSION = YES;
				GCC_WARN_ABOUT_RETURN_TYPE = YES_ERROR;
				GCC_WARN_UNDECLARED_SELECTOR = YES;
				GCC_WARN_UNINITIALIZED_AUTOS = YES_AGGRESSIVE;
				GCC_WARN_UNUSED_FUNCTION = YES;
				GCC_WARN_UNUSED_VARIABLE = YES;
				IPHONEOS_DEPLOYMENT_TARGET = 10.2;
				MTL_ENABLE_DEBUG_INFO = NO;
				SDKROOT = iphoneos;
				SWIFT_OPTIMIZATION_LEVEL = "-Owholemodule";
				TARGETED_DEVICE_FAMILY = "1,2";
				VALIDATE_PRODUCT = YES;
			};
			name = Release;
		};
		C50161601E779AC5003C382B /* Debug */ = {
			isa = XCBuildConfiguration;
			buildSettings = {
				ASSETCATALOG_COMPILER_APPICON_NAME = AppIcon;
				INFOPLIST_FILE = FlappingNemo/Info.plist;
				LD_RUNPATH_SEARCH_PATHS = "$(inherited) @executable_path/Frameworks";
				PRODUCT_BUNDLE_IDENTIFIER = tylerblair.FlappingNemo;
				PRODUCT_NAME = "$(TARGET_NAME)";
				SWIFT_VERSION = 3.0;
			};
			name = Debug;
		};
		C50161611E779AC5003C382B /* Release */ = {
			isa = XCBuildConfiguration;
			buildSettings = {
				ASSETCATALOG_COMPILER_APPICON_NAME = AppIcon;
				INFOPLIST_FILE = FlappingNemo/Info.plist;
				LD_RUNPATH_SEARCH_PATHS = "$(inherited) @executable_path/Frameworks";
				PRODUCT_BUNDLE_IDENTIFIER = tylerblair.FlappingNemo;
				PRODUCT_NAME = "$(TARGET_NAME)";
				SWIFT_VERSION = 3.0;
			};
			name = Release;
		};
		C50161631E779AC5003C382B /* Debug */ = {
			isa = XCBuildConfiguration;
			buildSettings = {
				ALWAYS_EMBED_SWIFT_STANDARD_LIBRARIES = YES;
				BUNDLE_LOADER = "$(TEST_HOST)";
				INFOPLIST_FILE = FlappingNemoTests/Info.plist;
				LD_RUNPATH_SEARCH_PATHS = "$(inherited) @executable_path/Frameworks @loader_path/Frameworks";
				PRODUCT_BUNDLE_IDENTIFIER = tylerblair.FlappingNemoTests;
				PRODUCT_NAME = "$(TARGET_NAME)";
				SWIFT_VERSION = 3.0;
				TEST_HOST = "$(BUILT_PRODUCTS_DIR)/FlappingNemo.app/FlappingNemo";
			};
			name = Debug;
		};
		C50161641E779AC5003C382B /* Release */ = {
			isa = XCBuildConfiguration;
			buildSettings = {
				ALWAYS_EMBED_SWIFT_STANDARD_LIBRARIES = YES;
				BUNDLE_LOADER = "$(TEST_HOST)";
				INFOPLIST_FILE = FlappingNemoTests/Info.plist;
				LD_RUNPATH_SEARCH_PATHS = "$(inherited) @executable_path/Frameworks @loader_path/Frameworks";
				PRODUCT_BUNDLE_IDENTIFIER = tylerblair.FlappingNemoTests;
				PRODUCT_NAME = "$(TARGET_NAME)";
				SWIFT_VERSION = 3.0;
				TEST_HOST = "$(BUILT_PRODUCTS_DIR)/FlappingNemo.app/FlappingNemo";
			};
			name = Release;
		};
		C50161661E779AC5003C382B /* Debug */ = {
			isa = XCBuildConfiguration;
			buildSettings = {
				ALWAYS_EMBED_SWIFT_STANDARD_LIBRARIES = YES;
				INFOPLIST_FILE = FlappingNemoUITests/Info.plist;
				LD_RUNPATH_SEARCH_PATHS = "$(inherited) @executable_path/Frameworks @loader_path/Frameworks";
				PRODUCT_BUNDLE_IDENTIFIER = tylerblair.FlappingNemoUITests;
				PRODUCT_NAME = "$(TARGET_NAME)";
				SWIFT_VERSION = 3.0;
				TEST_TARGET_NAME = FlappingNemo;
			};
			name = Debug;
		};
		C50161671E779AC5003C382B /* Release */ = {
			isa = XCBuildConfiguration;
			buildSettings = {
				ALWAYS_EMBED_SWIFT_STANDARD_LIBRARIES = YES;
				INFOPLIST_FILE = FlappingNemoUITests/Info.plist;
				LD_RUNPATH_SEARCH_PATHS = "$(inherited) @executable_path/Frameworks @loader_path/Frameworks";
				PRODUCT_BUNDLE_IDENTIFIER = tylerblair.FlappingNemoUITests;
				PRODUCT_NAME = "$(TARGET_NAME)";
				SWIFT_VERSION = 3.0;
				TEST_TARGET_NAME = FlappingNemo;
			};
			name = Release;
		};
/* End XCBuildConfiguration section */

/* Begin XCConfigurationList section */
		C501612C1E779AC4003C382B /* Build configuration list for PBXProject "FlappingNemo" */ = {
			isa = XCConfigurationList;
			buildConfigurations = (
				C501615D1E779AC5003C382B /* Debug */,
				C501615E1E779AC5003C382B /* Release */,
			);
			defaultConfigurationIsVisible = 0;
			defaultConfigurationName = Release;
		};
		C501615F1E779AC5003C382B /* Build configuration list for PBXNativeTarget "FlappingNemo" */ = {
			isa = XCConfigurationList;
			buildConfigurations = (
				C50161601E779AC5003C382B /* Debug */,
				C50161611E779AC5003C382B /* Release */,
			);
			defaultConfigurationIsVisible = 0;
			defaultConfigurationName = Release;
		};
		C50161621E779AC5003C382B /* Build configuration list for PBXNativeTarget "FlappingNemoTests" */ = {
			isa = XCConfigurationList;
			buildConfigurations = (
				C50161631E779AC5003C382B /* Debug */,
				C50161641E779AC5003C382B /* Release */,
			);
			defaultConfigurationIsVisible = 0;
			defaultConfigurationName = Release;
		};
		C50161651E779AC5003C382B /* Build configuration list for PBXNativeTarget "FlappingNemoUITests" */ = {
			isa = XCConfigurationList;
			buildConfigurations = (
				C50161661E779AC5003C382B /* Debug */,
				C50161671E779AC5003C382B /* Release */,
			);
			defaultConfigurationIsVisible = 0;
			defaultConfigurationName = Release;
		};
/* End XCConfigurationList section */
	};
	rootObject = C50161291E779AC4003C382B /* Project object */;
}
